
Microsoft Visual Studio Solution File, Format Version 12.00
# Visual Studio Version 16
VisualStudioVersion = 16.0.29001.49
MinimumVisualStudioVersion = 10.0.40219.1
Project("{FAE04EC0-301F-11D3-BF4B-00C04F79EFBC}") = "ASKAR_CONTROL_PANEL", "ASKAR_CONTROL_PANEL\ASKAR_CONTROL_PANEL.csproj", "{3E592E86-CE42-4A2E-9234-2DB6E2F8C746}"
EndProject
Global
	GlobalSection(SolutionConfigurationPlatforms) = preSolution
		Debug|Any CPU = Debug|Any CPU
		Release|Any CPU = Release|Any CPU
	EndGlobalSection
	GlobalSection(ProjectConfigurationPlatforms) = postSolution
		{3E592E86-CE42-4A2E-9234-2DB6E2F8C746}.Debug|Any CPU.ActiveCfg = Debug|Any CPU
		{3E592E86-CE42-4A2E-9234-2DB6E2F8C746}.Debug|Any CPU.Build.0 = Debug|Any CPU
		{3E592E86-CE42-4A2E-9234-2DB6E2F8C746}.Release|Any CPU.ActiveCfg = Release|Any CPU
		{3E592E86-CE42-4A2E-9234-2DB6E2F8C746}.Release|Any CPU.Build.0 = Release|Any CPU
	EndGlobalSection
	GlobalSection(SolutionProperties) = preSolution
		HideSolutionNode = FALSE
	EndGlobalSection
	GlobalSection(ExtensibilityGlobals) = postSolution
		SolutionGuid = {84ACC020-1E5C-4B03-A18A-68DCFD8A1CFD}
	EndGlobalSection
EndGlobal
